Microsoft Visual Studio Solution File, Format Version 12.00
# Visual Studio Version 17
VisualStudioVersion = 17.5.2.0
MinimumVisualStudioVersion = 10.0.40219.1
Project("{FAE04EC0-301F-11D3-BF4B-00C04F79EFBC}") = "havCurCtr", "havCurCtr.csproj", "{017AA045-9CA4-3038-68B9-C8298F304108}"
EndProject
Global
	GlobalSection(SolutionConfigurationPlatforms) = preSolution
		Debug|Any CPU = Debug|Any CPU
		Release|Any CPU = Release|Any CPU
	EndGlobalSection
	GlobalSection(ProjectConfigurationPlatforms) = postSolution
		{017AA045-9CA4-3038-68B9-C8298F304108}.Debug|Any CPU.ActiveCfg = Debug|Any CPU
		{017AA045-9CA4-3038-68B9-C8298F304108}.Debug|Any CPU.Build.0 = Debug|Any CPU
		{017AA045-9CA4-3038-68B9-C8298F304108}.Release|Any CPU.ActiveCfg = Release|Any CPU
		{017AA045-9CA4-3038-68B9-C8298F304108}.Release|Any CPU.Build.0 = Release|Any CPU
	EndGlobalSection
	GlobalSection(SolutionProperties) = preSolution
		HideSolutionNode = FALSE
	EndGlobalSection
	GlobalSection(ExtensibilityGlobals) = postSolution
		SolutionGuid = {8863DB0A-1FE7-4F74-9C2B-AA1D24F214E1}
	EndGlobalSection
EndGlobal
